{
  "name": "guff",
  "version": "0.1.0",
  "lockfileVersion": 3,
  "requires": true,
  "packages": {
    "": {
      "name": "guff",
      "version": "0.1.0",
      "hasInstallScript": true,
      "license": "MIT",
      "dependencies": {
        "@svelte-add/core": "^2.10.0"
      },
      "bin": {
        "guff": "index.js"
      },
      "devDependencies": {
        "@svelte-add/testing-library": "^2.1.12"
      }
    },
    "node_modules/@clack/core": {
      "version": "0.3.4",
      "resolved": "https://registry.npmjs.org/@clack/core/-/core-0.3.4.tgz",
      "integrity": "sha512-H4hxZDXgHtWTwV3RAVenqcC4VbJZNegbBjlPvzOzCouXtS2y3sDvlO3IsbrPNWuLWPPlYVYPghQdSF64683Ldw==",
      "dev": true,
      "license": "MIT",
      "dependencies": {
        "picocolors": "^1.0.0",
        "sisteransi": "^1.0.5"
      }
    },
    "node_modules/@clack/prompts": {
      "version": "0.7.0",
      "resolved": "https://registry.npmjs.org/@clack/prompts/-/prompts-0.7.0.tgz",
      "integrity": "sha512-0MhX9/B4iL6Re04jPrttDm+BsP8y6mS7byuv0BvXgdXhbV5PdlsHt55dvNsuBCPZ7xq1oTAOOuotR9NFbQyMSA==",
      "bundleDependencies": [
        "is-unicode-supported"
      ],
      "dev": true,
      "license": "MIT",
      "dependencies": {
        "@clack/core": "^0.3.3",
        "is-unicode-supported": "*",
        "picocolors": "^1.0.0",
        "sisteransi": "^1.0.5"
      }
    },
    "node_modules/@clack/prompts/node_modules/is-unicode-supported": {
      "version": "1.3.0",
      "inBundle": true,
      "license": "MIT",
      "engines": {
        "node": ">=12"
      },
      "funding": {
        "url": "https://github.com/sponsors/sindresorhus"
      }
    },
    "node_modules/@svelte-add/ast-manipulation": {
      "version": "2.2.2",
      "resolved": "https://registry.npmjs.org/@svelte-add/ast-manipulation/-/ast-manipulation-2.2.2.tgz",
      "integrity": "sha512-JTZONNSmwU/RfzuWJMBS+EfV7kVLgReQF4H4zSa0BdXsK67tSwVCUMYbMCG9G1Fqo8KaFe/HbB+ISeba6xc3pA==",
      "license": "MIT",
      "dependencies": {
        "@svelte-add/ast-tooling": "2.1.5"
      }
    },
    "node_modules/@svelte-add/ast-manipulation/node_modules/@svelte-add/ast-tooling": {
      "version": "2.1.5",
      "resolved": "https://registry.npmjs.org/@svelte-add/ast-tooling/-/ast-tooling-2.1.5.tgz",
      "integrity": "sha512-miu0ybvrOm1Mf8m/34anxsZop90+S0Iy0LllRVB4xcF+TzeEhxRLv/CvnTvOcEYEVFws5apjsa59dHQKQFgNog==",
      "license": "MIT"
    },
    "node_modules/@svelte-add/core": {
      "version": "2.10.0",
      "resolved": "https://registry.npmjs.org/@svelte-add/core/-/core-2.10.0.tgz",
      "integrity": "sha512-SnmyX+wooa9AhGlh6ZmFmhE4jwtW1HO03WDF4bkT+TTc/Mxh9LVTifDzdZrkqY3T01EulyHHfjLPg5CC24GbnA==",
      "license": "MIT",
      "dependencies": {
        "@svelte-add/ast-manipulation": "2.2.2",
        "@svelte-add/ast-tooling": "2.1.5"
      }
    },
    "node_modules/@svelte-add/core/node_modules/@svelte-add/ast-tooling": {
      "version": "2.1.5",
      "resolved": "https://registry.npmjs.org/@svelte-add/ast-tooling/-/ast-tooling-2.1.5.tgz",
      "integrity": "sha512-miu0ybvrOm1Mf8m/34anxsZop90+S0Iy0LllRVB4xcF+TzeEhxRLv/CvnTvOcEYEVFws5apjsa59dHQKQFgNog==",
      "license": "MIT"
    },
    "node_modules/@svelte-add/testing-library": {
      "version": "2.1.12",
      "resolved": "https://registry.npmjs.org/@svelte-add/testing-library/-/testing-library-2.1.12.tgz",
      "integrity": "sha512-KVAN3NM9lrBrZTFTUBTwdZYg1Z07ef8/1tAm2WBy0L9kuLU4m/PxOQz8TKw45jVgeLwBzOb+6AgK+Lkcd0ebrA==",
      "dev": true,
      "license": "MIT",
      "dependencies": {
        "@svelte-add/core": "^2.10.0",
        "create-svelte": "^6.3.4",
        "playwright": "^1.44.1"
      }
    },
    "node_modules/create-svelte": {
      "version": "6.3.5",
      "resolved": "https://registry.npmjs.org/create-svelte/-/create-svelte-6.3.5.tgz",
      "integrity": "sha512-KHRPymmiF5IdjldFLwXPhBU1019f0ccVAXlsZOCuF6+F06xZHo/AW0dcn9UiLRg4JVZF0+8nZ/KUXu4oG1y1Zw==",
      "dev": true,
      "license": "MIT",
      "dependencies": {
        "@clack/prompts": "^0.7.0",
        "kleur": "^4.1.5"
      },
      "bin": {
        "create-svelte": "bin.js"
      }
    },
    "node_modules/fsevents": {
      "version": "2.3.2",
      "resolved": "https://registry.npmjs.org/fsevents/-/fsevents-2.3.2.tgz",
      "integrity": "sha512-xiqMQR4xAeHTuB9uWm+fFRcIOgKBMiOBP+eXiyT7jsgVCq1bkVygt00oASowB7EdtpOHaaPgKt812P9ab+DDKA==",
      "dev": true,
      "hasInstallScript": true,
      "optional": true,
      "os": [
        "darwin"
      ],
      "engines": {
        "node": "^8.16.0 || ^10.6.0 || >=11.0.0"
      }
    },
    "node_modules/kleur": {
      "version": "4.1.5",
      "resolved": "https://registry.npmjs.org/kleur/-/kleur-4.1.5.tgz",
      "integrity": "sha512-o+NO+8WrRiQEE4/7nwRJhN1HWpVmJm511pBHUxPLtp0BUISzlBplORYSmTclCnJvQq2tKu/sgl3xVpkc7ZWuQQ==",
      "dev": true,
      "license": "MIT",
      "engines": {
        "node": ">=6"
      }
    },
    "node_modules/picocolors": {
      "version": "1.0.1",
      "resolved": "https://registry.npmjs.org/picocolors/-/picocolors-1.0.1.tgz",
      "integrity": "sha512-anP1Z8qwhkbmu7MFP5iTt+wQKXgwzf7zTyGlcdzabySa9vd0Xt392U0rVmz9poOaBj0uHJKyyo9/upk0HrEQew==",
      "dev": true,
      "license": "ISC"
    },
    "node_modules/playwright": {
      "version": "1.44.1",
      "resolved": "https://registry.npmjs.org/playwright/-/playwright-1.44.1.tgz",
      "integrity": "sha512-qr/0UJ5CFAtloI3avF95Y0L1xQo6r3LQArLIg/z/PoGJ6xa+EwzrwO5lpNr/09STxdHuUoP2mvuELJS+hLdtgg==",
      "dev": true,
      "dependencies": {
        "playwright-core": "1.44.1"
      },
      "bin": {
        "playwright": "cli.js"
      },
      "engines": {
        "node": ">=16"
      },
      "optionalDependencies": {
        "fsevents": "2.3.2"
      }
    },
    "node_modules/playwright-core": {
      "version": "1.44.1",
      "resolved": "https://registry.npmjs.org/playwright-core/-/playwright-core-1.44.1.tgz",
      "integrity": "sha512-wh0JWtYTrhv1+OSsLPgFzGzt67Y7BE/ZS3jEqgGBlp2ppp1ZDj8c+9IARNW4dwf1poq5MgHreEM2KV/GuR4cFA==",
      "dev": true,
      "bin": {
        "playwright-core": "cli.js"
      },
      "engines": {
        "node": ">=16"
      }
    },
    "node_modules/sisteransi": {
      "version": "1.0.5",
      "resolved": "https://registry.npmjs.org/sisteransi/-/sisteransi-1.0.5.tgz",
      "integrity": "sha512-bLGGlR1QxBcynn2d5YmDX4MGjlZvy2MRBDRNHLJ8VI6l6+9FUiyTFNJ0IveOSP0bcXgVDPRcfGqA0pjaqUpfVg==",
      "dev": true,
      "license": "MIT"
    }
  }
}
